
Microsoft Visual Studio Solution File, Format Version 12.00
# Visual Studio Version 16
VisualStudioVersion = 16.0.29926.136
MinimumVisualStudioVersion = 10.0.40219.1
Project("{9092AA53-FB77-4645-B42D-1CCCA6BD08BD}") = "StableGeniusExtension", "StableGeniusExtension\StableGeniusExtension.njsproj", "{D80C7D80-FB3D-4C5F-919D-4B7193EA84E7}"
EndProject
Global
	GlobalSection(SolutionConfigurationPlatforms) = preSolution
		Debug|Any CPU = Debug|Any CPU
		Release|Any CPU = Release|Any CPU
	EndGlobalSection
	GlobalSection(ProjectConfigurationPlatforms) = postSolution
		{D80C7D80-FB3D-4C5F-919D-4B7193EA84E7}.Debug|Any CPU.ActiveCfg = Debug|Any CPU
		{D80C7D80-FB3D-4C5F-919D-4B7193EA84E7}.Debug|Any CPU.Build.0 = Debug|Any CPU
		{D80C7D80-FB3D-4C5F-919D-4B7193EA84E7}.Release|Any CPU.ActiveCfg = Release|Any CPU
		{D80C7D80-FB3D-4C5F-919D-4B7193EA84E7}.Release|Any CPU.Build.0 = Release|Any CPU
	EndGlobalSection
	GlobalSection(SolutionProperties) = preSolution
		HideSolutionNode = FALSE
	EndGlobalSection
	GlobalSection(ExtensibilityGlobals) = postSolution
		SolutionGuid = {A1B5B216-8F9F-4ACC-9134-8F54B1437E05}
	EndGlobalSection
EndGlobal
